
Microsoft Visual Studio Solution File, Format Version 12.00
# Visual Studio 2013
VisualStudioVersion = 12.0.21005.1
MinimumVisualStudioVersion = 10.0.40219.1
Project("{FAE04EC0-301F-11D3-BF4B-00C04F79EFBC}") = "TestAdoNet", "TestAdoNet\TestAdoNet.csproj", "{3D1C17DE-BBB5-4477-A340-8B568C75C872}"
EndProject
Project("{FAE04EC0-301F-11D3-BF4B-00C04F79EFBC}") = "TestConfigurationManager", "TestConfigurationManager\TestConfigurationManager.csproj", "{700FD8C7-24DD-481C-AA11-BCFEB015C83D}"
EndProject
Project("{FAE04EC0-301F-11D3-BF4B-00C04F79EFBC}") = "TestAdonet.Test", "TestAdonet.Test\TestAdonet.Test.csproj", "{5E9A38FC-FCC2-40EF-9696-9DC55FB4F6C6}"
EndProject
Global
	GlobalSection(SolutionConfigurationPlatforms) = preSolution
		Debug|Any CPU = Debug|Any CPU
		Release|Any CPU = Release|Any CPU
	EndGlobalSection
	GlobalSection(ProjectConfigurationPlatforms) = postSolution
		{3D1C17DE-BBB5-4477-A340-8B568C75C872}.Debug|Any CPU.ActiveCfg = Debug|Any CPU
		{3D1C17DE-BBB5-4477-A340-8B568C75C872}.Debug|Any CPU.Build.0 = Debug|Any CPU
		{3D1C17DE-BBB5-4477-A340-8B568C75C872}.Release|Any CPU.ActiveCfg = Release|Any CPU
		{3D1C17DE-BBB5-4477-A340-8B568C75C872}.Release|Any CPU.Build.0 = Release|Any CPU
		{700FD8C7-24DD-481C-AA11-BCFEB015C83D}.Debug|Any CPU.ActiveCfg = Debug|Any CPU
		{700FD8C7-24DD-481C-AA11-BCFEB015C83D}.Debug|Any CPU.Build.0 = Debug|Any CPU
		{700FD8C7-24DD-481C-AA11-BCFEB015C83D}.Release|Any CPU.ActiveCfg = Release|Any CPU
		{700FD8C7-24DD-481C-AA11-BCFEB015C83D}.Release|Any CPU.Build.0 = Release|Any CPU
		{5E9A38FC-FCC2-40EF-9696-9DC55FB4F6C6}.Debug|Any CPU.ActiveCfg = Debug|Any CPU
		{5E9A38FC-FCC2-40EF-9696-9DC55FB4F6C6}.Debug|Any CPU.Build.0 = Debug|Any CPU
		{5E9A38FC-FCC2-40EF-9696-9DC55FB4F6C6}.Release|Any CPU.ActiveCfg = Release|Any CPU
		{5E9A38FC-FCC2-40EF-9696-9DC55FB4F6C6}.Release|Any CPU.Build.0 = Release|Any CPU
	EndGlobalSection
	GlobalSection(SolutionProperties) = preSolution
		HideSolutionNode = FALSE
	EndGlobalSection
EndGlobal
