
Microsoft Visual Studio Solution File, Format Version 12.00
# Visual Studio 2013
VisualStudioVersion = 12.0.21005.1
MinimumVisualStudioVersion = 10.0.40219.1
Project("{FAE04EC0-301F-11D3-BF4B-00C04F79EFBC}") = "BaseTechnology", "BaseTechnology\BaseTechnology.csproj", "{96478F16-BAA0-44F9-B466-D80D3B416B80}"
EndProject
Project("{FAE04EC0-301F-11D3-BF4B-00C04F79EFBC}") = "Clong.BaseTech.Test", "Clong.BaseTech.Test\Clong.BaseTech.Test.csproj", "{ADED72D8-04CC-424A-ADE2-EE8A99BA6270}"
EndProject
Global
	GlobalSection(SolutionConfigurationPlatforms) = preSolution
		Debug|Any CPU = Debug|Any CPU
		Release|Any CPU = Release|Any CPU
	EndGlobalSection
	GlobalSection(ProjectConfigurationPlatforms) = postSolution
		{96478F16-BAA0-44F9-B466-D80D3B416B80}.Debug|Any CPU.ActiveCfg = Debug|Any CPU
		{96478F16-BAA0-44F9-B466-D80D3B416B80}.Debug|Any CPU.Build.0 = Debug|Any CPU
		{96478F16-BAA0-44F9-B466-D80D3B416B80}.Release|Any CPU.ActiveCfg = Release|Any CPU
		{96478F16-BAA0-44F9-B466-D80D3B416B80}.Release|Any CPU.Build.0 = Release|Any CPU
		{ADED72D8-04CC-424A-ADE2-EE8A99BA6270}.Debug|Any CPU.ActiveCfg = Debug|Any CPU
		{ADED72D8-04CC-424A-ADE2-EE8A99BA6270}.Debug|Any CPU.Build.0 = Debug|Any CPU
		{ADED72D8-04CC-424A-ADE2-EE8A99BA6270}.Release|Any CPU.ActiveCfg = Release|Any CPU
		{ADED72D8-04CC-424A-ADE2-EE8A99BA6270}.Release|Any CPU.Build.0 = Release|Any CPU
	EndGlobalSection
	GlobalSection(SolutionProperties) = preSolution
		HideSolutionNode = FALSE
	EndGlobalSection
	GlobalSection(ExtensibilityGlobals) = postSolution
		SolutionGuid = {97B05A2F-80CF-41CA-9F5B-32F2CD34CE33}
	EndGlobalSection
EndGlobal
